{
  "name": "termcat",
  "version": "1.0.0",
  "lockfileVersion": 3,
  "requires": true,
  "packages": {
    "": {
      "name": "termcat",
      "version": "1.0.0",
      "license": "ISC",
      "dependencies": {
        "@roamhq/wrtc": "^0.8.0",
        "commander": "^12.1.0",
        "picocolors": "^1.0.1",
        "uid-promise": "^2.0.5",
        "ws": "^8.18.0"
      }
    },
    "node_modules/@roamhq/wrtc": {
      "version": "0.8.0",
      "resolved": "https://registry.npmjs.org/@roamhq/wrtc/-/wrtc-0.8.0.tgz",
      "integrity": "sha512-C0V/nqc4/2xzORI5qa4mIeN/8UO3ywN1kInrJ9u6GljFx0D18JMUJEqe8yYHa61RrEeoWN3PKdW++k8TocSx/A==",
      "license": "BSD-2-Clause",
      "optionalDependencies": {
        "@roamhq/wrtc-darwin-arm64": "0.8.0",
        "@roamhq/wrtc-darwin-x64": "0.8.0",
        "@roamhq/wrtc-linux-arm64": "0.8.1",
        "@roamhq/wrtc-linux-x64": "0.8.1",
        "@roamhq/wrtc-win32-x64": "0.8.0",
        "domexception": "^4.0.0"
      }
    },
    "node_modules/@roamhq/wrtc-darwin-arm64": {
      "version": "0.8.0",
      "resolved": "https://registry.npmjs.org/@roamhq/wrtc-darwin-arm64/-/wrtc-darwin-arm64-0.8.0.tgz",
      "integrity": "sha512-OtV2KWO7zOG3L8TF3KCt9aucynVCD/ww2xeXXgg+FLkya3ca0uzehN8EQJ3BL4tkInksbFJ2ssyu9cehfJ3ZuA==",
      "cpu": [
        "arm64"
      ],
      "license": "BSD-2-Clause",
      "optional": true,
      "os": [
        "darwin"
      ]
    },
    "node_modules/@roamhq/wrtc-darwin-x64": {
      "version": "0.8.0",
      "resolved": "https://registry.npmjs.org/@roamhq/wrtc-darwin-x64/-/wrtc-darwin-x64-0.8.0.tgz",
      "integrity": "sha512-VY7Vzt/SDDDCpW//h8GW9bOZrOr8gWXPZVD9473ypl4jyBIoO57yyLbHzd1G0vBUkS6szsHlQCz1WwpI30YL+g==",
      "cpu": [
        "x64"
      ],
      "license": "BSD-2-Clause",
      "optional": true,
      "os": [
        "darwin"
      ]
    },
    "node_modules/@roamhq/wrtc-linux-arm64": {
      "version": "0.8.1",
      "resolved": "https://registry.npmjs.org/@roamhq/wrtc-linux-arm64/-/wrtc-linux-arm64-0.8.1.tgz",
      "integrity": "sha512-FBJLLazlWkGQUXaokC/rTbrUQbb0CNFYry52fZGstufrGLTWu+g4HcwXdVvxh1tnVtVMvkQGk+mlOL52sCxw0A==",
      "cpu": [
        "arm64"
      ],
      "license": "BSD-2-Clause",
      "optional": true,
      "os": [
        "linux"
      ]
    },
    "node_modules/@roamhq/wrtc-linux-x64": {
      "version": "0.8.1",
      "resolved": "https://registry.npmjs.org/@roamhq/wrtc-linux-x64/-/wrtc-linux-x64-0.8.1.tgz",
      "integrity": "sha512-I9oWG7b4uvWO1IOR/aF34n+ID6TKVuSs0jd19h5KdhfRtw7FFh9xxuwN9rONPxLVa6fS0q+MCZgAf8Scz89L8Q==",
      "cpu": [
        "x64"
      ],
      "license": "BSD-2-Clause",
      "optional": true,
      "os": [
        "linux"
      ]
    },
    "node_modules/@roamhq/wrtc-win32-x64": {
      "version": "0.8.0",
      "resolved": "https://registry.npmjs.org/@roamhq/wrtc-win32-x64/-/wrtc-win32-x64-0.8.0.tgz",
      "integrity": "sha512-R2fxl41BLWPiP4eaTHGLzbbVvRjx1mV/OsgINCvawO7Hwz5Zx9I45+Fhrw3hd4n5amIeSG9VIF7Kz8eeTFXTGQ==",
      "cpu": [
        "x64"
      ],
      "license": "BSD-2-Clause",
      "optional": true,
      "os": [
        "win32"
      ]
    },
    "node_modules/commander": {
      "version": "12.1.0",
      "resolved": "https://registry.npmjs.org/commander/-/commander-12.1.0.tgz",
      "integrity": "sha512-Vw8qHK3bZM9y/P10u3Vib8o/DdkvA2OtPtZvD871QKjy74Wj1WSKFILMPRPSdUSx5RFK1arlJzEtA4PkFgnbuA==",
      "license": "MIT",
      "engines": {
        "node": ">=18"
      }
    },
    "node_modules/domexception": {
      "version": "4.0.0",
      "resolved": "https://registry.npmjs.org/domexception/-/domexception-4.0.0.tgz",
      "integrity": "sha512-A2is4PLG+eeSfoTMA95/s4pvAoSo2mKtiM5jlHkAVewmiO8ISFTFKZjH7UAM1Atli/OT/7JHOrJRJiMKUZKYBw==",
      "deprecated": "Use your platform's native DOMException instead",
      "license": "MIT",
      "optional": true,
      "dependencies": {
        "webidl-conversions": "^7.0.0"
      },
      "engines": {
        "node": ">=12"
      }
    },
    "node_modules/picocolors": {
      "version": "1.0.1",
      "resolved": "https://registry.npmjs.org/picocolors/-/picocolors-1.0.1.tgz",
      "integrity": "sha512-anP1Z8qwhkbmu7MFP5iTt+wQKXgwzf7zTyGlcdzabySa9vd0Xt392U0rVmz9poOaBj0uHJKyyo9/upk0HrEQew==",
      "license": "ISC"
    },
    "node_modules/uid-promise": {
      "version": "2.0.5",
      "resolved": "https://registry.npmjs.org/uid-promise/-/uid-promise-2.0.5.tgz",
      "integrity": "sha512-iiV5BXzoViBQAVsdvNkXPeloZm8SWro7H2U2bhasNZLyPNn6leOVqqEmXFOk4BU2oWGRnw4kCOs6/VWV8atXSQ==",
      "license": "MIT",
      "engines": {
        "node": ">=16"
      }
    },
    "node_modules/webidl-conversions": {
      "version": "7.0.0",
      "resolved": "https://registry.npmjs.org/webidl-conversions/-/webidl-conversions-7.0.0.tgz",
      "integrity": "sha512-VwddBukDzu71offAQR975unBIGqfKZpM+8ZX6ySk8nYhVoo5CYaZyzt3YBvYtRtO+aoGlqxPg/B87NGVZ/fu6g==",
      "license": "BSD-2-Clause",
      "optional": true,
      "engines": {
        "node": ">=12"
      }
    },
    "node_modules/ws": {
      "version": "8.18.0",
      "resolved": "https://registry.npmjs.org/ws/-/ws-8.18.0.tgz",
      "integrity": "sha512-8VbfWfHLbbwu3+N6OKsOMpBdT4kXPDDB9cJk2bJ6mh9ucxdlnNvH1e+roYkKmN9Nxw2yjz7VzeO9oOz2zJ04Pw==",
      "license": "MIT",
      "engines": {
        "node": ">=10.0.0"
      },
      "peerDependencies": {
        "bufferutil": "^4.0.1",
        "utf-8-validate": ">=5.0.2"
      },
      "peerDependenciesMeta": {
        "bufferutil": {
          "optional": true
        },
        "utf-8-validate": {
          "optional": true
        }
      }
    }
  }
}
